
Microsoft Visual Studio Solution File, Format Version 12.00
# Visual Studio 14
VisualStudioVersion = 14.0.25420.1
MinimumVisualStudioVersion = 10.0.40219.1
Project("{FAE04EC0-301F-11D3-BF4B-00C04F79EFBC}") = "Ghostbot", "Ghostbot\Ghostbot.csproj", "{3D15E72C-0BA6-4275-82D4-8091D9CA6658}"
EndProject
Project("{2150E333-8FDC-42A3-9474-1A3956D46DE8}") = "Misc", "Misc", "{6AAC257F-6D6A-4AAE-A735-DD8FA7617BC5}"
	ProjectSection(SolutionItems) = preProject
		..\README.md = ..\README.md
	EndProjectSection
EndProject
Global
	GlobalSection(SolutionConfigurationPlatforms) = preSolution
		Debug|Any CPU = Debug|Any CPU
		Release|Any CPU = Release|Any CPU
	EndGlobalSection
	GlobalSection(ProjectConfigurationPlatforms) = postSolution
		{3D15E72C-0BA6-4275-82D4-8091D9CA6658}.Debug|Any CPU.ActiveCfg = Debug|Any CPU
		{3D15E72C-0BA6-4275-82D4-8091D9CA6658}.Debug|Any CPU.Build.0 = Debug|Any CPU
		{3D15E72C-0BA6-4275-82D4-8091D9CA6658}.Release|Any CPU.ActiveCfg = Release|Any CPU
		{3D15E72C-0BA6-4275-82D4-8091D9CA6658}.Release|Any CPU.Build.0 = Release|Any CPU
	EndGlobalSection
	GlobalSection(SolutionProperties) = preSolution
		HideSolutionNode = FALSE
	EndGlobalSection
EndGlobal
